// !$*UTF8*$!
{
	archiveVersion = 1;
	classes = {
	};
	objectVersion = 52;
	objects = {

/* Begin PBXBuildFile section */
		B229F4B225CAD9B000BD88F1 /* SavedEventsView.swift in Sources */ = {isa = PBXBuildFile; fileRef = B229F4B125CAD9B000BD88F1 /* SavedEventsView.swift */; };
		B229F4B825CB0F0500BD88F1 /* EventView.swift in Sources */ = {isa = PBXBuildFile; fileRef = B229F4B725CB0F0500BD88F1 /* EventView.swift */; };
		B22A00E725EF9ED6004E1F38 /* SavedListEventsView.swift in Sources */ = {isa = PBXBuildFile; fileRef = B22A00E625EF9ED6004E1F38 /* SavedListEventsView.swift */; };
		B22A00EA25EFF2F8004E1F38 /* EventMapView.swift in Sources */ = {isa = PBXBuildFile; fileRef = B22A00E925EFF2F8004E1F38 /* EventMapView.swift */; };
		B24B898725E535C800C75309 /* ImageViewModel.swift in Sources */ = {isa = PBXBuildFile; fileRef = B24B898625E535C800C75309 /* ImageViewModel.swift */; };
		B252A32425E3EF86001004B4 /* CardView.swift in Sources */ = {isa = PBXBuildFile; fileRef = B252A32325E3EF86001004B4 /* CardView.swift */; };
		B2E3DB7A25C95C0C0094E50D /* TestItem.swift in Sources */ = {isa = PBXBuildFile; fileRef = B2E3DB7925C95C0C0094E50D /* TestItem.swift */; };
		B2E3DB8025C99FC20094E50D /* EventsViewModel.swift in Sources */ = {isa = PBXBuildFile; fileRef = B2E3DB7F25C99FC20094E50D /* EventsViewModel.swift */; };
		B2E3DB8325C99FF70094E50D /* Event.swift in Sources */ = {isa = PBXBuildFile; fileRef = B2E3DB8225C99FF70094E50D /* Event.swift */; };
		B2E3DB8A25C9A0460094E50D /* EventListView.swift in Sources */ = {isa = PBXBuildFile; fileRef = B2E3DB8925C9A0460094E50D /* EventListView.swift */; };
		B2F529EE25C87AC500DE1EAC /* EventManagerAppApp.swift in Sources */ = {isa = PBXBuildFile; fileRef = B2F529ED25C87AC500DE1EAC /* EventManagerAppApp.swift */; };
		B2F529F025C87AC500DE1EAC /* ContentView.swift in Sources */ = {isa = PBXBuildFile; fileRef = B2F529EF25C87AC500DE1EAC /* ContentView.swift */; };
		B2F529F225C87AC800DE1EAC /* Assets.xcassets in Resources */ = {isa = PBXBuildFile; fileRef = B2F529F125C87AC800DE1EAC /* Assets.xcassets */; };
		B2F529F525C87AC800DE1EAC /* Preview Assets.xcassets in Resources */ = {isa = PBXBuildFile; fileRef = B2F529F425C87AC800DE1EAC /* Preview Assets.xcassets */; };
		B2F529FE25C87C0400DE1EAC /* GoogleService-Info.plist in Resources */ = {isa = PBXBuildFile; fileRef = B2F529FD25C87C0400DE1EAC /* GoogleService-Info.plist */; };
		B2F52A0225C87F4600DE1EAC /* FirebaseAnalytics in Frameworks */ = {isa = PBXBuildFile; productRef = B2F52A0125C87F4600DE1EAC /* FirebaseAnalytics */; };
		B2F52A0425C87F4600DE1EAC /* FirebaseFirestoreSwift-Beta in Frameworks */ = {isa = PBXBuildFile; productRef = B2F52A0325C87F4600DE1EAC /* FirebaseFirestoreSwift-Beta */; };
		B2F52A0625C87F4600DE1EAC /* FirebaseAuth in Frameworks */ = {isa = PBXBuildFile; productRef = B2F52A0525C87F4600DE1EAC /* FirebaseAuth */; };
		B2F52A0825C87F4600DE1EAC /* FirebaseFirestore in Frameworks */ = {isa = PBXBuildFile; productRef = B2F52A0725C87F4600DE1EAC /* FirebaseFirestore */; };
/* End PBXBuildFile section */

/* Begin PBXFileReference section */
		B229F4B125CAD9B000BD88F1 /* SavedEventsView.swift */ = {isa = PBXFileReference; lastKnownFileType = sourcecode.swift; path = SavedEventsView.swift; sourceTree = "<group>"; };
		B229F4B725CB0F0500BD88F1 /* EventView.swift */ = {isa = PBXFileReference; lastKnownFileType = sourcecode.swift; path = EventView.swift; sourceTree = "<group>"; };
		B22A00E625EF9ED6004E1F38 /* SavedListEventsView.swift */ = {isa = PBXFileReference; lastKnownFileType = sourcecode.swift; path = SavedListEventsView.swift; sourceTree = "<group>"; };
		B22A00E925EFF2F8004E1F38 /* EventMapView.swift */ = {isa = PBXFileReference; lastKnownFileType = sourcecode.swift; path = EventMapView.swift; sourceTree = "<group>"; };
		B24B898625E535C800C75309 /* ImageViewModel.swift */ = {isa = PBXFileReference; lastKnownFileType = sourcecode.swift; path = ImageViewModel.swift; sourceTree = "<group>"; };
		B252A32325E3EF86001004B4 /* CardView.swift */ = {isa = PBXFileReference; lastKnownFileType = sourcecode.swift; path = CardView.swift; sourceTree = "<group>"; };
		B2E3DB7925C95C0C0094E50D /* TestItem.swift */ = {isa = PBXFileReference; lastKnownFileType = sourcecode.swift; path = TestItem.swift; sourceTree = "<group>"; };
		B2E3DB7F25C99FC20094E50D /* EventsViewModel.swift */ = {isa = PBXFileReference; lastKnownFileType = sourcecode.swift; path = EventsViewModel.swift; sourceTree = "<group>"; };
		B2E3DB8225C99FF70094E50D /* Event.swift */ = {isa = PBXFileReference; lastKnownFileType = sourcecode.swift; path = Event.swift; sourceTree = "<group>"; };
		B2E3DB8925C9A0460094E50D /* EventListView.swift */ = {isa = PBXFileReference; lastKnownFileType = sourcecode.swift; path = EventListView.swift; sourceTree = "<group>"; };
		B2F529EA25C87AC500DE1EAC /* EventManagerApp.app */ = {isa = PBXFileReference; explicitFileType = wrapper.application; includeInIndex = 0; path = EventManagerApp.app; sourceTree = BUILT_PRODUCTS_DIR; };
		B2F529ED25C87AC500DE1EAC /* EventManagerAppApp.swift */ = {isa = PBXFileReference; lastKnownFileType = sourcecode.swift; path = EventManagerAppApp.swift; sourceTree = "<group>"; };
		B2F529EF25C87AC500DE1EAC /* ContentView.swift */ = {isa = PBXFileReference; lastKnownFileType = sourcecode.swift; path = ContentView.swift; sourceTree = "<group>"; };
		B2F529F125C87AC800DE1EAC /* Assets.xcassets */ = {isa = PBXFileReference; lastKnownFileType = folder.assetcatalog; path = Assets.xcassets; sourceTree = "<group>"; };
		B2F529F425C87AC800DE1EAC /* Preview Assets.xcassets */ = {isa = PBXFileReference; lastKnownFileType = folder.assetcatalog; path = "Preview Assets.xcassets"; sourceTree = "<group>"; };
		B2F529F625C87AC800DE1EAC /* Info.plist */ = {isa = PBXFileReference; lastKnownFileType = text.plist.xml; path = Info.plist; sourceTree = "<group>"; };
		B2F529FD25C87C0400DE1EAC /* GoogleService-Info.plist */ = {isa = PBXFileReference; fileEncoding = 4; lastKnownFileType = text.plist.xml; path = "GoogleService-Info.plist"; sourceTree = "<group>"; };
/* End PBXFileReference section */

/* Begin PBXFrameworksBuildPhase section */
		B2F529E725C87AC500DE1EAC /* Frameworks */ = {
			isa = PBXFrameworksBuildPhase;
			buildActionMask = 2147483647;
			files = (
				B2F52A0225C87F4600DE1EAC /* FirebaseAnalytics in Frameworks */,
				B2F52A0825C87F4600DE1EAC /* FirebaseFirestore in Frameworks */,
				B2F52A0625C87F4600DE1EAC /* FirebaseAuth in Frameworks */,
				B2F52A0425C87F4600DE1EAC /* FirebaseFirestoreSwift-Beta in Frameworks */,
			);
			runOnlyForDeploymentPostprocessing = 0;
		};
/* End PBXFrameworksBuildPhase section */

/* Begin PBXGroup section */
		B2E3DB7C25C99F3A0094E50D /* Views */ = {
			isa = PBXGroup;
			children = (
				B2F529EF25C87AC500DE1EAC /* ContentView.swift */,
				B2E3DB8925C9A0460094E50D /* EventListView.swift */,
				B229F4B125CAD9B000BD88F1 /* SavedEventsView.swift */,
				B229F4B725CB0F0500BD88F1 /* EventView.swift */,
				B252A32325E3EF86001004B4 /* CardView.swift */,
				B22A00E625EF9ED6004E1F38 /* SavedListEventsView.swift */,
				B22A00E925EFF2F8004E1F38 /* EventMapView.swift */,
			);
			path = Views;
			sourceTree = "<group>";
		};
		B2E3DB7D25C99F4F0094E50D /* Models */ = {
			isa = PBXGroup;
			children = (
				B2E3DB8225C99FF70094E50D /* Event.swift */,
			);
			path = Models;
			sourceTree = "<group>";
		};
		B2E3DB7E25C99F610094E50D /* ViewModels */ = {
			isa = PBXGroup;
			children = (
				B2E3DB7F25C99FC20094E50D /* EventsViewModel.swift */,
				B24B898625E535C800C75309 /* ImageViewModel.swift */,
			);
			path = ViewModels;
			sourceTree = "<group>";
		};
		B2F529E125C87AC500DE1EAC = {
			isa = PBXGroup;
			children = (
				B2F529EC25C87AC500DE1EAC /* EventManagerApp */,
				B2F529EB25C87AC500DE1EAC /* Products */,
			);
			sourceTree = "<group>";
		};
		B2F529EB25C87AC500DE1EAC /* Products */ = {
			isa = PBXGroup;
			children = (
				B2F529EA25C87AC500DE1EAC /* EventManagerApp.app */,
			);
			name = Products;
			sourceTree = "<group>";
		};
		B2F529EC25C87AC500DE1EAC /* EventManagerApp */ = {
			isa = PBXGroup;
			children = (
				B2E3DB7E25C99F610094E50D /* ViewModels */,
				B2E3DB7D25C99F4F0094E50D /* Models */,
				B2E3DB7C25C99F3A0094E50D /* Views */,
				B2F529ED25C87AC500DE1EAC /* EventManagerAppApp.swift */,
				B2F529F125C87AC800DE1EAC /* Assets.xcassets */,
				B2F529FD25C87C0400DE1EAC /* GoogleService-Info.plist */,
				B2F529F625C87AC800DE1EAC /* Info.plist */,
				B2F529F325C87AC800DE1EAC /* Preview Content */,
				B2E3DB7925C95C0C0094E50D /* TestItem.swift */,
			);
			path = EventManagerApp;
			sourceTree = "<group>";
		};
		B2F529F325C87AC800DE1EAC /* Preview Content */ = {
			isa = PBXGroup;
			children = (
				B2F529F425C87AC800DE1EAC /* Preview Assets.xcassets */,
			);
			path = "Preview Content";
			sourceTree = "<group>";
		};
/* End PBXGroup section */

/* Begin PBXNativeTarget section */
		B2F529E925C87AC500DE1EAC /* EventManagerApp */ = {
			isa = PBXNativeTarget;
			buildConfigurationList = B2F529F925C87AC800DE1EAC /* Build configuration list for PBXNativeTarget "EventManagerApp" */;
			buildPhases = (
				B2F529E625C87AC500DE1EAC /* Sources */,
				B2F529E725C87AC500DE1EAC /* Frameworks */,
				B2F529E825C87AC500DE1EAC /* Resources */,
			);
			buildRules = (
			);
			dependencies = (
			);
			name = EventManagerApp;
			packageProductDependencies = (
				B2F52A0125C87F4600DE1EAC /* FirebaseAnalytics */,
				B2F52A0325C87F4600DE1EAC /* FirebaseFirestoreSwift-Beta */,
				B2F52A0525C87F4600DE1EAC /* FirebaseAuth */,
				B2F52A0725C87F4600DE1EAC /* FirebaseFirestore */,
			);
			productName = EventManagerApp;
			productReference = B2F529EA25C87AC500DE1EAC /* EventManagerApp.app */;
			productType = "com.apple.product-type.application";
		};
/* End PBXNativeTarget section */

/* Begin PBXProject section */
		B2F529E225C87AC500DE1EAC /* Project object */ = {
			isa = PBXProject;
			attributes = {
				LastSwiftUpdateCheck = 1220;
				LastUpgradeCheck = 1220;
				TargetAttributes = {
					B2F529E925C87AC500DE1EAC = {
						CreatedOnToolsVersion = 12.2;
					};
				};
			};
			buildConfigurationList = B2F529E525C87AC500DE1EAC /* Build configuration list for PBXProject "EventManagerApp" */;
			compatibilityVersion = "Xcode 9.3";
			developmentRegion = en;
			hasScannedForEncodings = 0;
			knownRegions = (
				en,
				Base,
			);
			mainGroup = B2F529E125C87AC500DE1EAC;
			packageReferences = (
				B2F52A0025C87F4600DE1EAC /* XCRemoteSwiftPackageReference "firebase-ios-sdk" */,
			);
			productRefGroup = B2F529EB25C87AC500DE1EAC /* Products */;
			projectDirPath = "";
			projectRoot = "";
			targets = (
				B2F529E925C87AC500DE1EAC /* EventManagerApp */,
			);
		};
/* End PBXProject section */

/* Begin PBXResourcesBuildPhase section */
		B2F529E825C87AC500DE1EAC /* Resources */ = {
			isa = PBXResourcesBuildPhase;
			buildActionMask = 2147483647;
			files = (
				B2F529F525C87AC800DE1EAC /* Preview Assets.xcassets in Resources */,
				B2F529F225C87AC800DE1EAC /* Assets.xcassets in Resources */,
				B2F529FE25C87C0400DE1EAC /* GoogleService-Info.plist in Resources */,
			);
			runOnlyForDeploymentPostprocessing = 0;
		};
/* End PBXResourcesBuildPhase section */

/* Begin PBXSourcesBuildPhase section */
		B2F529E625C87AC500DE1EAC /* Sources */ = {
			isa = PBXSourcesBuildPhase;
			buildActionMask = 2147483647;
			files = (
				B2F529F025C87AC500DE1EAC /* ContentView.swift in Sources */,
				B2E3DB8A25C9A0460094E50D /* EventListView.swift in Sources */,
				B229F4B225CAD9B000BD88F1 /* SavedEventsView.swift in Sources */,
				B2E3DB8025C99FC20094E50D /* EventsViewModel.swift in Sources */,
				B2F529EE25C87AC500DE1EAC /* EventManagerAppApp.swift in Sources */,
				B24B898725E535C800C75309 /* ImageViewModel.swift in Sources */,
				B22A00EA25EFF2F8004E1F38 /* EventMapView.swift in Sources */,
				B2E3DB7A25C95C0C0094E50D /* TestItem.swift in Sources */,
				B2E3DB8325C99FF70094E50D /* Event.swift in Sources */,
				B252A32425E3EF86001004B4 /* CardView.swift in Sources */,
				B229F4B825CB0F0500BD88F1 /* EventView.swift in Sources */,
				B22A00E725EF9ED6004E1F38 /* SavedListEventsView.swift in Sources */,
			);
			runOnlyForDeploymentPostprocessing = 0;
		};
/* End PBXSourcesBuildPhase section */

/* Begin XCBuildConfiguration section */
		B2F529F725C87AC800DE1EAC /* Debug */ = {
			isa = XCBuildConfiguration;
			buildSettings = {
				ALWAYS_SEARCH_USER_PATHS = NO;
				CLANG_ANALYZER_NONNULL = YES;
				CLANG_ANALYZER_NUMBER_OBJECT_CONVERSION = YES_AGGRESSIVE;
				CLANG_CXX_LANGUAGE_STANDARD = "gnu++14";
				CLANG_CXX_LIBRARY = "libc++";
				CLANG_ENABLE_MODULES = YES;
				CLANG_ENABLE_OBJC_ARC = YES;
				CLANG_ENABLE_OBJC_WEAK = YES;
				CLANG_WARN_BLOCK_CAPTURE_AUTORELEASING = YES;
				CLANG_WARN_BOOL_CONVERSION = YES;
				CLANG_WARN_COMMA = YES;
				CLANG_WARN_CONSTANT_CONVERSION = YES;
				CLANG_WARN_DEPRECATED_OBJC_IMPLEMENTATIONS = YES;
				CLANG_WARN_DIRECT_OBJC_ISA_USAGE = YES_ERROR;
				CLANG_WARN_DOCUMENTATION_COMMENTS = YES;
				CLANG_WARN_EMPTY_BODY = YES;
				CLANG_WARN_ENUM_CONVERSION = YES;
				CLANG_WARN_INFINITE_RECURSION = YES;
				CLANG_WARN_INT_CONVERSION = YES;
				CLANG_WARN_NON_LITERAL_NULL_CONVERSION = YES;
				CLANG_WARN_OBJC_IMPLICIT_RETAIN_SELF = YES;
				CLANG_WARN_OBJC_LITERAL_CONVERSION = YES;
				CLANG_WARN_OBJC_ROOT_CLASS = YES_ERROR;
				CLANG_WARN_QUOTED_INCLUDE_IN_FRAMEWORK_HEADER = YES;
				CLANG_WARN_RANGE_LOOP_ANALYSIS = YES;
				CLANG_WARN_STRICT_PROTOTYPES = YES;
				CLANG_WARN_SUSPICIOUS_MOVE = YES;
				CLANG_WARN_UNGUARDED_AVAILABILITY = YES_AGGRESSIVE;
				CLANG_WARN_UNREACHABLE_CODE = YES;
				CLANG_WARN__DUPLICATE_METHOD_MATCH = YES;
				COPY_PHASE_STRIP = NO;
				DEBUG_INFORMATION_FORMAT = dwarf;
				ENABLE_STRICT_OBJC_MSGSEND = YES;
				ENABLE_TESTABILITY = YES;
				GCC_C_LANGUAGE_STANDARD = gnu11;
				GCC_DYNAMIC_NO_PIC = NO;
				GCC_NO_COMMON_BLOCKS = YES;
				GCC_OPTIMIZATION_LEVEL = 0;
				GCC_PREPROCESSOR_DEFINITIONS = (
					"DEBUG=1",
					"$(inherited)",
				);
				GCC_WARN_64_TO_32_BIT_CONVERSION = YES;
				GCC_WARN_ABOUT_RETURN_TYPE = YES_ERROR;
				GCC_WARN_UNDECLARED_SELECTOR = YES;
				GCC_WARN_UNINITIALIZED_AUTOS = YES_AGGRESSIVE;
				GCC_WARN_UNUSED_FUNCTION = YES;
				GCC_WARN_UNUSED_VARIABLE = YES;
				IPHONEOS_DEPLOYMENT_TARGET = 14.2;
				MTL_ENABLE_DEBUG_INFO = INCLUDE_SOURCE;
				MTL_FAST_MATH = YES;
				ONLY_ACTIVE_ARCH = YES;
				OTHER_LDFLAGS = "-ObjC";
				SDKROOT = iphoneos;
				SWIFT_ACTIVE_COMPILATION_CONDITIONS = DEBUG;
				SWIFT_OPTIMIZATION_LEVEL = "-Onone";
			};
			name = Debug;
		};
		B2F529F825C87AC800DE1EAC /* Release */ = {
			isa = XCBuildConfiguration;
			buildSettings = {
				ALWAYS_SEARCH_USER_PATHS = NO;
				CLANG_ANALYZER_NONNULL = YES;
				CLANG_ANALYZER_NUMBER_OBJECT_CONVERSION = YES_AGGRESSIVE;
				CLANG_CXX_LANGUAGE_STANDARD = "gnu++14";
				CLANG_CXX_LIBRARY = "libc++";
				CLANG_ENABLE_MODULES = YES;
				CLANG_ENABLE_OBJC_ARC = YES;
				CLANG_ENABLE_OBJC_WEAK = YES;
				CLANG_WARN_BLOCK_CAPTURE_AUTORELEASING = YES;
				CLANG_WARN_BOOL_CONVERSION = YES;
				CLANG_WARN_COMMA = YES;
				CLANG_WARN_CONSTANT_CONVERSION = YES;
				CLANG_WARN_DEPRECATED_OBJC_IMPLEMENTATIONS = YES;
				CLANG_WARN_DIRECT_OBJC_ISA_USAGE = YES_ERROR;
				CLANG_WARN_DOCUMENTATION_COMMENTS = YES;
				CLANG_WARN_EMPTY_BODY = YES;
				CLANG_WARN_ENUM_CONVERSION = YES;
				CLANG_WARN_INFINITE_RECURSION = YES;
				CLANG_WARN_INT_CONVERSION = YES;
				CLANG_WARN_NON_LITERAL_NULL_CONVERSION = YES;
				CLANG_WARN_OBJC_IMPLICIT_RETAIN_SELF = YES;
				CLANG_WARN_OBJC_LITERAL_CONVERSION = YES;
				CLANG_WARN_OBJC_ROOT_CLASS = YES_ERROR;
				CLANG_WARN_QUOTED_INCLUDE_IN_FRAMEWORK_HEADER = YES;
				CLANG_WARN_RANGE_LOOP_ANALYSIS = YES;
				CLANG_WARN_STRICT_PROTOTYPES = YES;
				CLANG_WARN_SUSPICIOUS_MOVE = YES;
				CLANG_WARN_UNGUARDED_AVAILABILITY = YES_AGGRESSIVE;
				CLANG_WARN_UNREACHABLE_CODE = YES;
				CLANG_WARN__DUPLICATE_METHOD_MATCH = YES;
				COPY_PHASE_STRIP = NO;
				DEBUG_INFORMATION_FORMAT = "dwarf-with-dsym";
				ENABLE_NS_ASSERTIONS = NO;
				ENABLE_STRICT_OBJC_MSGSEND = YES;
				GCC_C_LANGUAGE_STANDARD = gnu11;
				GCC_NO_COMMON_BLOCKS = YES;
				GCC_WARN_64_TO_32_BIT_CONVERSION = YES;
				GCC_WARN_ABOUT_RETURN_TYPE = YES_ERROR;
				GCC_WARN_UNDECLARED_SELECTOR = YES;
				GCC_WARN_UNINITIALIZED_AUTOS = YES_AGGRESSIVE;
				GCC_WARN_UNUSED_FUNCTION = YES;
				GCC_WARN_UNUSED_VARIABLE = YES;
				IPHONEOS_DEPLOYMENT_TARGET = 14.2;
				MTL_ENABLE_DEBUG_INFO = NO;
				MTL_FAST_MATH = YES;
				OTHER_LDFLAGS = "-ObjC";
				SDKROOT = iphoneos;
				SWIFT_COMPILATION_MODE = wholemodule;
				SWIFT_OPTIMIZATION_LEVEL = "-O";
				VALIDATE_PRODUCT = YES;
			};
			name = Release;
		};
		B2F529FA25C87AC800DE1EAC /* Debug */ = {
			isa = XCBuildConfiguration;
			buildSettings = {
				ASSETCATALOG_COMPILER_APPICON_NAME = AppIcon;
				ASSETCATALOG_COMPILER_GLOBAL_ACCENT_COLOR_NAME = AccentColor;
				CODE_SIGN_IDENTITY = "Apple Development";
				CODE_SIGN_STYLE = Automatic;
				DEVELOPMENT_ASSET_PATHS = "\"EventManagerApp/Preview Content\"";
				DEVELOPMENT_TEAM = 2VP4H6JUB3;
				ENABLE_PREVIEWS = YES;
				INFOPLIST_FILE = EventManagerApp/Info.plist;
				IPHONEOS_DEPLOYMENT_TARGET = 14.0;
				LD_RUNPATH_SEARCH_PATHS = (
					"$(inherited)",
					"@executable_path/Frameworks",
				);
				PRODUCT_BUNDLE_IDENTIFIER = se.additup.EventManagerApp;
				PRODUCT_NAME = "$(TARGET_NAME)";
				PROVISIONING_PROFILE_SPECIFIER = "";
				SWIFT_VERSION = 5.0;
				TARGETED_DEVICE_FAMILY = "1,2";
			};
			name = Debug;
		};
		B2F529FB25C87AC800DE1EAC /* Release */ = {
			isa = XCBuildConfiguration;
			buildSettings = {
				ASSETCATALOG_COMPILER_APPICON_NAME = AppIcon;
				ASSETCATALOG_COMPILER_GLOBAL_ACCENT_COLOR_NAME = AccentColor;
				CODE_SIGN_IDENTITY = "Apple Development";
				CODE_SIGN_STYLE = Automatic;
				DEVELOPMENT_ASSET_PATHS = "\"EventManagerApp/Preview Content\"";
				DEVELOPMENT_TEAM = 2VP4H6JUB3;
				ENABLE_PREVIEWS = YES;
				INFOPLIST_FILE = EventManagerApp/Info.plist;
				IPHONEOS_DEPLOYMENT_TARGET = 14.0;
				LD_RUNPATH_SEARCH_PATHS = (
					"$(inherited)",
					"@executable_path/Frameworks",
				);
				PRODUCT_BUNDLE_IDENTIFIER = se.additup.EventManagerApp;
				PRODUCT_NAME = "$(TARGET_NAME)";
				PROVISIONING_PROFILE_SPECIFIER = "";
				SWIFT_VERSION = 5.0;
				TARGETED_DEVICE_FAMILY = "1,2";
			};
			name = Release;
		};
/* End XCBuildConfiguration section */

/* Begin XCConfigurationList section */
		B2F529E525C87AC500DE1EAC /* Build configuration list for PBXProject "EventManagerApp" */ = {
			isa = XCConfigurationList;
			buildConfigurations = (
				B2F529F725C87AC800DE1EAC /* Debug */,
				B2F529F825C87AC800DE1EAC /* Release */,
			);
			defaultConfigurationIsVisible = 0;
			defaultConfigurationName = Release;
		};
		B2F529F925C87AC800DE1EAC /* Build configuration list for PBXNativeTarget "EventManagerApp" */ = {
			isa = XCConfigurationList;
			buildConfigurations = (
				B2F529FA25C87AC800DE1EAC /* Debug */,
				B2F529FB25C87AC800DE1EAC /* Release */,
			);
			defaultConfigurationIsVisible = 0;
			defaultConfigurationName = Release;
		};
/* End XCConfigurationList section */

/* Begin XCRemoteSwiftPackageReference section */
		B2F52A0025C87F4600DE1EAC /* XCRemoteSwiftPackageReference "firebase-ios-sdk" */ = {
			isa = XCRemoteSwiftPackageReference;
			repositoryURL = "https://github.com/firebase/firebase-ios-sdk.git";
			requirement = {
				kind = upToNextMajorVersion;
				minimumVersion = 7.5.1;
			};
		};
/* End XCRemoteSwiftPackageReference section */

/* Begin XCSwiftPackageProductDependency section */
		B2F52A0125C87F4600DE1EAC /* FirebaseAnalytics */ = {
			isa = XCSwiftPackageProductDependency;
			package = B2F52A0025C87F4600DE1EAC /* XCRemoteSwiftPackageReference "firebase-ios-sdk" */;
			productName = FirebaseAnalytics;
		};
		B2F52A0325C87F4600DE1EAC /* FirebaseFirestoreSwift-Beta */ = {
			isa = XCSwiftPackageProductDependency;
			package = B2F52A0025C87F4600DE1EAC /* XCRemoteSwiftPackageReference "firebase-ios-sdk" */;
			productName = "FirebaseFirestoreSwift-Beta";
		};
		B2F52A0525C87F4600DE1EAC /* FirebaseAuth */ = {
			isa = XCSwiftPackageProductDependency;
			package = B2F52A0025C87F4600DE1EAC /* XCRemoteSwiftPackageReference "firebase-ios-sdk" */;
			productName = FirebaseAuth;
		};
		B2F52A0725C87F4600DE1EAC /* FirebaseFirestore */ = {
			isa = XCSwiftPackageProductDependency;
			package = B2F52A0025C87F4600DE1EAC /* XCRemoteSwiftPackageReference "firebase-ios-sdk" */;
			productName = FirebaseFirestore;
		};
/* End XCSwiftPackageProductDependency section */
	};
	rootObject = B2F529E225C87AC500DE1EAC /* Project object */;
}
